
Microsoft Visual Studio Solution File, Format Version 12.00
# Visual Studio Version 16
VisualStudioVersion = 16.0.29123.88
MinimumVisualStudioVersion = 10.0.40219.1
Project("{FAE04EC0-301F-11D3-BF4B-00C04F79EFBC}") = "GoldenRectangleGrid", "GoldenRectangleGrid\GoldenRectangleGrid.csproj", "{718AEE59-90C8-41FA-BE14-245E165457C3}"
EndProject
Global
	GlobalSection(SolutionConfigurationPlatforms) = preSolution
		Debug|Any CPU = Debug|Any CPU
		Release|Any CPU = Release|Any CPU
	EndGlobalSection
	GlobalSection(ProjectConfigurationPlatforms) = postSolution
		{718AEE59-90C8-41FA-BE14-245E165457C3}.Debug|Any CPU.ActiveCfg = Debug|Any CPU
		{718AEE59-90C8-41FA-BE14-245E165457C3}.Debug|Any CPU.Build.0 = Debug|Any CPU
		{718AEE59-90C8-41FA-BE14-245E165457C3}.Release|Any CPU.ActiveCfg = Release|Any CPU
		{718AEE59-90C8-41FA-BE14-245E165457C3}.Release|Any CPU.Build.0 = Release|Any CPU
	EndGlobalSection
	GlobalSection(SolutionProperties) = preSolution
		HideSolutionNode = FALSE
	EndGlobalSection
	GlobalSection(ExtensibilityGlobals) = postSolution
		SolutionGuid = {10D2191B-3009-4807-A19C-E5BD6B5A66AB}
	EndGlobalSection
EndGlobal
